
Microsoft Visual Studio Solution File, Format Version 12.00
# Visual Studio Version 17
VisualStudioVersion = 17.13.35825.156 d17.13
MinimumVisualStudioVersion = 10.0.40219.1
Project("{FAE04EC0-301F-11D3-BF4B-00C04F79EFBC}") = "StudyTracker", "StudyTracker\StudyTracker.csproj", "{7240EE8E-B9B4-4576-B044-D38D5FA822BB}"
EndProject
Global
	GlobalSection(SolutionConfigurationPlatforms) = preSolution
		Debug|Any CPU = Debug|Any CPU
		Release|Any CPU = Release|Any CPU
	EndGlobalSection
	GlobalSection(ProjectConfigurationPlatforms) = postSolution
		{7240EE8E-B9B4-4576-B044-D38D5FA822BB}.Debug|Any CPU.ActiveCfg = Debug|Any CPU
		{7240EE8E-B9B4-4576-B044-D38D5FA822BB}.Debug|Any CPU.Build.0 = Debug|Any CPU
		{7240EE8E-B9B4-4576-B044-D38D5FA822BB}.Release|Any CPU.ActiveCfg = Release|Any CPU
		{7240EE8E-B9B4-4576-B044-D38D5FA822BB}.Release|Any CPU.Build.0 = Release|Any CPU
	EndGlobalSection
	GlobalSection(SolutionProperties) = preSolution
		HideSolutionNode = FALSE
	EndGlobalSection
	GlobalSection(ExtensibilityGlobals) = postSolution
		SolutionGuid = {65FC2944-2418-4400-9477-FF7AD72CCD52}
	EndGlobalSection
EndGlobal
